
Microsoft Visual Studio Solution File, Format Version 12.00
# Visual Studio Version 16
VisualStudioVersion = 16.0.30717.126
MinimumVisualStudioVersion = 10.0.40219.1
Project("{9A19103F-16F7-4668-BE54-9A1E7A4F7556}") = "SampleApp", "SampleApp\SampleApp.csproj", "{F5B3F783-B5FE-4021-8039-D5E1E8B81088}"
EndProject
Project("{FAE04EC0-301F-11D3-BF4B-00C04F79EFBC}") = "SampleApp_Azure", "SampleApp_Azure\SampleApp_Azure.csproj", "{35C1DDBC-1483-4FEC-A4B1-7028FFF1B2B9}"
EndProject
Project("{FAE04EC0-301F-11D3-BF4B-00C04F79EFBC}") = "SampleApp_Serilog", "SampleApp_Serilog\SampleApp_Serilog.csproj", "{84C9FB5A-5FDF-4343-9F82-7C50B0712EE6}"
EndProject
Global
	GlobalSection(SolutionConfigurationPlatforms) = preSolution
		Debug|Any CPU = Debug|Any CPU
		Release|Any CPU = Release|Any CPU
	EndGlobalSection
	GlobalSection(ProjectConfigurationPlatforms) = postSolution
		{F5B3F783-B5FE-4021-8039-D5E1E8B81088}.Debug|Any CPU.ActiveCfg = Debug|Any CPU
		{F5B3F783-B5FE-4021-8039-D5E1E8B81088}.Debug|Any CPU.Build.0 = Debug|Any CPU
		{F5B3F783-B5FE-4021-8039-D5E1E8B81088}.Release|Any CPU.ActiveCfg = Release|Any CPU
		{F5B3F783-B5FE-4021-8039-D5E1E8B81088}.Release|Any CPU.Build.0 = Release|Any CPU
		{35C1DDBC-1483-4FEC-A4B1-7028FFF1B2B9}.Debug|Any CPU.ActiveCfg = Debug|Any CPU
		{35C1DDBC-1483-4FEC-A4B1-7028FFF1B2B9}.Debug|Any CPU.Build.0 = Debug|Any CPU
		{35C1DDBC-1483-4FEC-A4B1-7028FFF1B2B9}.Release|Any CPU.ActiveCfg = Release|Any CPU
		{35C1DDBC-1483-4FEC-A4B1-7028FFF1B2B9}.Release|Any CPU.Build.0 = Release|Any CPU
		{84C9FB5A-5FDF-4343-9F82-7C50B0712EE6}.Debug|Any CPU.ActiveCfg = Debug|Any CPU
		{84C9FB5A-5FDF-4343-9F82-7C50B0712EE6}.Debug|Any CPU.Build.0 = Debug|Any CPU
		{84C9FB5A-5FDF-4343-9F82-7C50B0712EE6}.Release|Any CPU.ActiveCfg = Release|Any CPU
		{84C9FB5A-5FDF-4343-9F82-7C50B0712EE6}.Release|Any CPU.Build.0 = Release|Any CPU
	EndGlobalSection
	GlobalSection(SolutionProperties) = preSolution
		HideSolutionNode = FALSE
	EndGlobalSection
	GlobalSection(ExtensibilityGlobals) = postSolution
		SolutionGuid = {19CA02F9-5708-45E6-9EF7-61FD32A88B66}
	EndGlobalSection
EndGlobal
